{
  "name": "privotc-cre-workflow",
  "version": "1.0.0",
  "lockfileVersion": 3,
  "requires": true,
  "packages": {
    "": {
      "name": "privotc-cre-workflow",
      "version": "1.0.0",
      "hasInstallScript": true,
      "license": "MIT",
      "dependencies": {
        "@chainlink/cre-sdk": "^1.0.9",
        "node-fetch": "^3.3.2",
        "snarkjs": "^0.7.4",
        "viem": "2.34.0",
        "zod": "3.25.76"
      },
      "devDependencies": {
        "@types/bun": "1.2.21",
        "@types/node": "^22.0.0"
      }
    },
    "node_modules/@adraffy/ens-normalize": {
      "version": "1.11.1",
      "license": "MIT"
    },
    "node_modules/@bufbuild/protobuf": {
      "version": "2.6.3",
      "license": "(Apache-2.0 AND BSD-3-Clause)"
    },
    "node_modules/@bufbuild/protoc-gen-es": {
      "version": "2.6.3",
      "license": "Apache-2.0",
      "dependencies": {
        "@bufbuild/protobuf": "2.6.3",
        "@bufbuild/protoplugin": "2.6.3"
      },
      "bin": {
        "protoc-gen-es": "bin/protoc-gen-es"
      },
      "engines": {
        "node": ">=14"
      },
      "peerDependencies": {
        "@bufbuild/protobuf": "2.6.3"
      },
      "peerDependenciesMeta": {
        "@bufbuild/protobuf": {
          "optional": true
        }
      }
    },
    "node_modules/@bufbuild/protoplugin": {
      "version": "2.6.3",
      "license": "Apache-2.0",
      "dependencies": {
        "@bufbuild/protobuf": "2.6.3",
        "@typescript/vfs": "^1.5.2",
        "typescript": "5.4.5"
      }
    },
    "node_modules/@chainlink/cre-sdk": {
      "version": "1.1.3",
      "license": "BUSL-1.1",
      "dependencies": {
        "@bufbuild/protobuf": "2.6.3",
        "@bufbuild/protoc-gen-es": "2.6.3",
        "@chainlink/cre-sdk-javy-plugin": "1.1.1",
        "@standard-schema/spec": "1.0.0",
        "viem": "2.34.0",
        "zod": "3.25.76"
      },
      "bin": {
        "cre-compile": "bin/cre-compile.ts"
      },
      "engines": {
        "bun": ">=1.2.21"
      }
    },
    "node_modules/@chainlink/cre-sdk-javy-plugin": {
      "version": "1.1.1",
      "license": "BUSL-1.1",
      "bin": {
        "cre-compile-workflow": "bin/compile-workflow.ts",
        "cre-setup": "bin/setup.ts"
      },
      "engines": {
        "bun": ">=1.2.21"
      }
    },
    "node_modules/@iden3/bigarray": {
      "version": "0.0.2",
      "license": "GPL-3.0"
    },
    "node_modules/@iden3/binfileutils": {
      "version": "0.0.12",
      "license": "GPL-3.0",
      "dependencies": {
        "fastfile": "0.0.20",
        "ffjavascript": "^0.3.0"
      }
    },
    "node_modules/@noble/ciphers": {
      "version": "1.3.0",
      "license": "MIT",
      "engines": {
        "node": "^14.21.3 || >=16"
      },
      "funding": {
        "url": "https://paulmillr.com/funding/"
      }
    },
    "node_modules/@noble/curves": {
      "version": "1.9.6",
      "license": "MIT",
      "dependencies": {
        "@noble/hashes": "1.8.0"
      },
      "engines": {
        "node": "^14.21.3 || >=16"
      },
      "funding": {
        "url": "https://paulmillr.com/funding/"
      }
    },
    "node_modules/@noble/hashes": {
      "version": "1.8.0",
      "license": "MIT",
      "engines": {
        "node": "^14.21.3 || >=16"
      },
      "funding": {
        "url": "https://paulmillr.com/funding/"
      }
    },
    "node_modules/@scure/base": {
      "version": "1.2.6",
      "license": "MIT",
      "funding": {
        "url": "https://paulmillr.com/funding/"
      }
    },
    "node_modules/@scure/bip32": {
      "version": "1.7.0",
      "license": "MIT",
      "dependencies": {
        "@noble/curves": "~1.9.0",
        "@noble/hashes": "~1.8.0",
        "@scure/base": "~1.2.5"
      },
      "funding": {
        "url": "https://paulmillr.com/funding/"
      }
    },
    "node_modules/@scure/bip39": {
      "version": "1.6.0",
      "license": "MIT",
      "dependencies": {
        "@noble/hashes": "~1.8.0",
        "@scure/base": "~1.2.5"
      },
      "funding": {
        "url": "https://paulmillr.com/funding/"
      }
    },
    "node_modules/@standard-schema/spec": {
      "version": "1.0.0",
      "license": "MIT"
    },
    "node_modules/@types/bun": {
      "version": "1.2.21",
      "dev": true,
      "license": "MIT",
      "dependencies": {
        "bun-types": "1.2.21"
      }
    },
    "node_modules/@types/node": {
      "version": "22.19.13",
      "dev": true,
      "license": "MIT",
      "dependencies": {
        "undici-types": "~6.21.0"
      }
    },
    "node_modules/@typescript/vfs": {
      "version": "1.6.4",
      "license": "MIT",
      "dependencies": {
        "debug": "^4.4.3"
      },
      "peerDependencies": {
        "typescript": "*"
      }
    },
    "node_modules/abitype": {
      "version": "1.0.8",
      "license": "MIT",
      "funding": {
        "url": "https://github.com/sponsors/wevm"
      },
      "peerDependencies": {
        "typescript": ">=5.0.4",
        "zod": "^3 >=3.22.0"
      },
      "peerDependenciesMeta": {
        "typescript": {
          "optional": true
        },
        "zod": {
          "optional": true
        }
      }
    },
    "node_modules/async": {
      "version": "3.2.6",
      "license": "MIT"
    },
    "node_modules/balanced-match": {
      "version": "1.0.2",
      "license": "MIT"
    },
    "node_modules/bfj": {
      "version": "7.1.0",
      "license": "MIT",
      "dependencies": {
        "bluebird": "^3.7.2",
        "check-types": "^11.2.3",
        "hoopy": "^0.1.4",
        "jsonpath": "^1.1.1",
        "tryer": "^1.0.1"
      },
      "engines": {
        "node": ">= 8.0.0"
      }
    },
    "node_modules/bluebird": {
      "version": "3.7.2",
      "license": "MIT"
    },
    "node_modules/brace-expansion": {
      "version": "2.0.2",
      "license": "MIT",
      "dependencies": {
        "balanced-match": "^1.0.0"
      }
    },
    "node_modules/bun-types": {
      "version": "1.2.21",
      "dev": true,
      "license": "MIT",
      "dependencies": {
        "@types/node": "*"
      },
      "peerDependencies": {
        "@types/react": "^19"
      }
    },
    "node_modules/check-types": {
      "version": "11.2.3",
      "license": "MIT"
    },
    "node_modules/circom_runtime": {
      "version": "0.1.28",
      "license": "Apache-2.0",
      "dependencies": {
        "ffjavascript": "0.3.1"
      },
      "bin": {
        "calcwit": "calcwit.js"
      }
    },
    "node_modules/data-uri-to-buffer": {
      "version": "4.0.1",
      "license": "MIT",
      "engines": {
        "node": ">= 12"
      }
    },
    "node_modules/debug": {
      "version": "4.4.3",
      "license": "MIT",
      "dependencies": {
        "ms": "^2.1.3"
      },
      "engines": {
        "node": ">=6.0"
      },
      "peerDependenciesMeta": {
        "supports-color": {
          "optional": true
        }
      }
    },
    "node_modules/ejs": {
      "version": "3.1.10",
      "license": "Apache-2.0",
      "dependencies": {
        "jake": "^10.8.5"
      },
      "bin": {
        "ejs": "bin/cli.js"
      },
      "engines": {
        "node": ">=0.10.0"
      }
    },
    "node_modules/escodegen": {
      "version": "2.1.0",
      "license": "BSD-2-Clause",
      "dependencies": {
        "esprima": "^4.0.1",
        "estraverse": "^5.2.0",
        "esutils": "^2.0.2"
      },
      "bin": {
        "escodegen": "bin/escodegen.js",
        "esgenerate": "bin/esgenerate.js"
      },
      "engines": {
        "node": ">=6.0"
      },
      "optionalDependencies": {
        "source-map": "~0.6.1"
      }
    },
    "node_modules/escodegen/node_modules/esprima": {
      "version": "4.0.1",
      "license": "BSD-2-Clause",
      "bin": {
        "esparse": "bin/esparse.js",
        "esvalidate": "bin/esvalidate.js"
      },
      "engines": {
        "node": ">=4"
      }
    },
    "node_modules/esprima": {
      "version": "1.2.5",
      "bin": {
        "esparse": "bin/esparse.js",
        "esvalidate": "bin/esvalidate.js"
      },
      "engines": {
        "node": ">=0.4.0"
      }
    },
    "node_modules/estraverse": {
      "version": "5.3.0",
      "license": "BSD-2-Clause",
      "engines": {
        "node": ">=4.0"
      }
    },
    "node_modules/esutils": {
      "version": "2.0.3",
      "license": "BSD-2-Clause",
      "engines": {
        "node": ">=0.10.0"
      }
    },
    "node_modules/eventemitter3": {
      "version": "5.0.1",
      "license": "MIT"
    },
    "node_modules/fastfile": {
      "version": "0.0.20",
      "license": "GPL-3.0"
    },
    "node_modules/fetch-blob": {
      "version": "3.2.0",
      "funding": [
        {
          "type": "github",
          "url": "https://github.com/sponsors/jimmywarting"
        },
        {
          "type": "paypal",
          "url": "https://paypal.me/jimmywarting"
        }
      ],
      "license": "MIT",
      "dependencies": {
        "node-domexception": "^1.0.0",
        "web-streams-polyfill": "^3.0.3"
      },
      "engines": {
        "node": "^12.20 || >= 14.13"
      }
    },
    "node_modules/ffjavascript": {
      "version": "0.3.1",
      "license": "GPL-3.0",
      "dependencies": {
        "wasmbuilder": "0.0.16",
        "wasmcurves": "0.2.2",
        "web-worker": "1.2.0"
      }
    },
    "node_modules/filelist": {
      "version": "1.0.6",
      "license": "Apache-2.0",
      "dependencies": {
        "minimatch": "^5.0.1"
      }
    },
    "node_modules/formdata-polyfill": {
      "version": "4.0.10",
      "license": "MIT",
      "dependencies": {
        "fetch-blob": "^3.1.2"
      },
      "engines": {
        "node": ">=12.20.0"
      }
    },
    "node_modules/hoopy": {
      "version": "0.1.4",
      "license": "MIT",
      "engines": {
        "node": ">= 6.0.0"
      }
    },
    "node_modules/isows": {
      "version": "1.0.7",
      "funding": [
        {
          "type": "github",
          "url": "https://github.com/sponsors/wevm"
        }
      ],
      "license": "MIT",
      "peerDependencies": {
        "ws": "*"
      }
    },
    "node_modules/jake": {
      "version": "10.9.4",
      "license": "Apache-2.0",
      "dependencies": {
        "async": "^3.2.6",
        "filelist": "^1.0.4",
        "picocolors": "^1.1.1"
      },
      "bin": {
        "jake": "bin/cli.js"
      },
      "engines": {
        "node": ">=10"
      }
    },
    "node_modules/jsonpath": {
      "version": "1.2.1",
      "license": "MIT",
      "dependencies": {
        "esprima": "1.2.5",
        "static-eval": "2.1.1",
        "underscore": "1.13.6"
      }
    },
    "node_modules/logplease": {
      "version": "1.2.15",
      "license": "MIT"
    },
    "node_modules/minimatch": {
      "version": "5.1.9",
      "license": "ISC",
      "dependencies": {
        "brace-expansion": "^2.0.1"
      },
      "engines": {
        "node": ">=10"
      }
    },
    "node_modules/ms": {
      "version": "2.1.3",
      "license": "MIT"
    },
    "node_modules/node-domexception": {
      "version": "1.0.0",
      "funding": [
        {
          "type": "github",
          "url": "https://github.com/sponsors/jimmywarting"
        },
        {
          "type": "github",
          "url": "https://paypal.me/jimmywarting"
        }
      ],
      "license": "MIT",
      "engines": {
        "node": ">=10.5.0"
      }
    },
    "node_modules/node-fetch": {
      "version": "3.3.2",
      "license": "MIT",
      "dependencies": {
        "data-uri-to-buffer": "^4.0.0",
        "fetch-blob": "^3.1.4",
        "formdata-polyfill": "^4.0.10"
      },
      "engines": {
        "node": "^12.20.0 || ^14.13.1 || >=16.0.0"
      },
      "funding": {
        "type": "opencollective",
        "url": "https://opencollective.com/node-fetch"
      }
    },
    "node_modules/ox": {
      "version": "0.8.7",
      "funding": [
        {
          "type": "github",
          "url": "https://github.com/sponsors/wevm"
        }
      ],
      "license": "MIT",
      "dependencies": {
        "@adraffy/ens-normalize": "^1.11.0",
        "@noble/ciphers": "^1.3.0",
        "@noble/curves": "^1.9.1",
        "@noble/hashes": "^1.8.0",
        "@scure/bip32": "^1.7.0",
        "@scure/bip39": "^1.6.0",
        "abitype": "^1.0.8",
        "eventemitter3": "5.0.1"
      },
      "peerDependencies": {
        "typescript": ">=5.4.0"
      },
      "peerDependenciesMeta": {
        "typescript": {
          "optional": true
        }
      }
    },
    "node_modules/picocolors": {
      "version": "1.1.1",
      "license": "ISC"
    },
    "node_modules/r1csfile": {
      "version": "0.0.48",
      "license": "GPL-3.0",
      "dependencies": {
        "@iden3/bigarray": "0.0.2",
        "@iden3/binfileutils": "0.0.12",
        "fastfile": "0.0.20",
        "ffjavascript": "0.3.0"
      }
    },
    "node_modules/r1csfile/node_modules/ffjavascript": {
      "version": "0.3.0",
      "license": "GPL-3.0",
      "dependencies": {
        "wasmbuilder": "0.0.16",
        "wasmcurves": "0.2.2",
        "web-worker": "1.2.0"
      }
    },
    "node_modules/snarkjs": {
      "version": "0.7.6",
      "license": "GPL-3.0",
      "dependencies": {
        "@iden3/binfileutils": "0.0.12",
        "@noble/hashes": "^1.7.1",
        "bfj": "^7.0.2",
        "circom_runtime": "0.1.28",
        "ejs": "^3.1.6",
        "fastfile": "0.0.20",
        "ffjavascript": "0.3.1",
        "logplease": "^1.2.15",
        "r1csfile": "0.0.48"
      },
      "bin": {
        "snarkjs": "build/cli.cjs"
      }
    },
    "node_modules/source-map": {
      "version": "0.6.1",
      "license": "BSD-3-Clause",
      "optional": true,
      "engines": {
        "node": ">=0.10.0"
      }
    },
    "node_modules/static-eval": {
      "version": "2.1.1",
      "license": "MIT",
      "dependencies": {
        "escodegen": "^2.1.0"
      }
    },
    "node_modules/tryer": {
      "version": "1.0.1",
      "license": "MIT"
    },
    "node_modules/typescript": {
      "version": "5.4.5",
      "license": "Apache-2.0",
      "bin": {
        "tsc": "bin/tsc",
        "tsserver": "bin/tsserver"
      },
      "engines": {
        "node": ">=14.17"
      }
    },
    "node_modules/underscore": {
      "version": "1.13.6",
      "license": "MIT"
    },
    "node_modules/undici-types": {
      "version": "6.21.0",
      "dev": true,
      "license": "MIT"
    },
    "node_modules/viem": {
      "version": "2.34.0",
      "funding": [
        {
          "type": "github",
          "url": "https://github.com/sponsors/wevm"
        }
      ],
      "license": "MIT",
      "dependencies": {
        "@noble/curves": "1.9.6",
        "@noble/hashes": "1.8.0",
        "@scure/bip32": "1.7.0",
        "@scure/bip39": "1.6.0",
        "abitype": "1.0.8",
        "isows": "1.0.7",
        "ox": "0.8.7",
        "ws": "8.18.3"
      },
      "peerDependencies": {
        "typescript": ">=5.0.4"
      },
      "peerDependenciesMeta": {
        "typescript": {
          "optional": true
        }
      }
    },
    "node_modules/wasmbuilder": {
      "version": "0.0.16",
      "license": "GPL-3.0"
    },
    "node_modules/wasmcurves": {
      "version": "0.2.2",
      "license": "GPL-3.0",
      "dependencies": {
        "wasmbuilder": "0.0.16"
      }
    },
    "node_modules/web-streams-polyfill": {
      "version": "3.3.3",
      "license": "MIT",
      "engines": {
        "node": ">= 8"
      }
    },
    "node_modules/web-worker": {
      "version": "1.2.0",
      "license": "Apache-2.0"
    },
    "node_modules/ws": {
      "version": "8.18.3",
      "license": "MIT",
      "engines": {
        "node": ">=10.0.0"
      },
      "peerDependencies": {
        "bufferutil": "^4.0.1",
        "utf-8-validate": ">=5.0.2"
      },
      "peerDependenciesMeta": {
        "bufferutil": {
          "optional": true
        },
        "utf-8-validate": {
          "optional": true
        }
      }
    },
    "node_modules/zod": {
      "version": "3.25.76",
      "license": "MIT",
      "funding": {
        "url": "https://github.com/sponsors/colinhacks"
      }
    }
  }
}
